
Microsoft Visual Studio Solution File, Format Version 12.00
# Visual Studio Version 17
VisualStudioVersion = 17.1.32210.238
MinimumVisualStudioVersion = 10.0.40219.1
Project("{FAE04EC0-301F-11D3-BF4B-00C04F79EFBC}") = "EjGenerico", "EjGenerico\EjGenerico.csproj", "{1A1D9834-CA11-4805-AC4C-595A13CC4E14}"
EndProject
Global
	GlobalSection(SolutionConfigurationPlatforms) = preSolution
		Debug|Any CPU = Debug|Any CPU
		Release|Any CPU = Release|Any CPU
	EndGlobalSection
	GlobalSection(ProjectConfigurationPlatforms) = postSolution
		{1A1D9834-CA11-4805-AC4C-595A13CC4E14}.Debug|Any CPU.ActiveCfg = Debug|Any CPU
		{1A1D9834-CA11-4805-AC4C-595A13CC4E14}.Debug|Any CPU.Build.0 = Debug|Any CPU
		{1A1D9834-CA11-4805-AC4C-595A13CC4E14}.Release|Any CPU.ActiveCfg = Release|Any CPU
		{1A1D9834-CA11-4805-AC4C-595A13CC4E14}.Release|Any CPU.Build.0 = Release|Any CPU
	EndGlobalSection
	GlobalSection(SolutionProperties) = preSolution
		HideSolutionNode = FALSE
	EndGlobalSection
	GlobalSection(ExtensibilityGlobals) = postSolution
		SolutionGuid = {D59DCBF0-A7C5-48D0-9F1E-0FB352A4E9C6}
	EndGlobalSection
EndGlobal
